
Microsoft Visual Studio Solution File, Format Version 12.00
# Visual Studio Version 16
VisualStudioVersion = 16.0.30717.126
MinimumVisualStudioVersion = 15.0.26124.0
Project("{9A19103F-16F7-4668-BE54-9A1E7A4F7556}") = "Challenge", "Challenge\Challenge.csproj", "{FBDFE4AF-8FF0-4685-9092-8862DC0EB3B2}"
EndProject
Project("{FAE04EC0-301F-11D3-BF4B-00C04F79EFBC}") = "Core", "Core\Core.csproj", "{E5EE9E64-9B11-4494-BC30-AB7C6CF57D33}"
EndProject
Project("{FAE04EC0-301F-11D3-BF4B-00C04F79EFBC}") = "Core.Tests", "Core.Tests\Core.Tests.csproj", "{568A863A-276A-46EC-B37A-95FDD72905B8}"
EndProject
Project("{FAE04EC0-301F-11D3-BF4B-00C04F79EFBC}") = "Web", "Web\Web.csproj", "{902E8323-8F92-4E18-8F10-DB03DB77803F}"
EndProject
Project("{FAE04EC0-301F-11D3-BF4B-00C04F79EFBC}") = "Web.Tests", "Web.Tests\Web.Tests.csproj", "{B3324CBC-4FED-482C-8B44-42FE044B2FE7}"
EndProject
Project("{FAE04EC0-301F-11D3-BF4B-00C04F79EFBC}") = "TrailCircuit", "TrailCircuit\TrailCircuit.csproj", "{3E7F9832-64C4-410D-B078-CA3024A6AF54}"
EndProject
Project("{FAE04EC0-301F-11D3-BF4B-00C04F79EFBC}") = "Track", "Track\Track.csproj", "{27D468E3-2AF1-42F2-BFEB-C18AAF5546F3}"
EndProject
Project("{FAE04EC0-301F-11D3-BF4B-00C04F79EFBC}") = "Data", "Data\Data.csproj", "{1E6AD31A-96CF-4F58-B320-7B0D12E1D447}"
EndProject
Project("{FAE04EC0-301F-11D3-BF4B-00C04F79EFBC}") = "Importer", "Importer\Importer.csproj", "{FD4898F2-B895-49D0-BE2E-30D82BDCDD52}"
EndProject
Project("{FAE04EC0-301F-11D3-BF4B-00C04F79EFBC}") = "Model", "Model\Model.csproj", "{EC13C7B6-604C-405D-AE26-AE9DAB0E594E}"
EndProject
Project("{FAE04EC0-301F-11D3-BF4B-00C04F79EFBC}") = "Services", "Services\Services.csproj", "{1544CFF8-2E79-4F90-80AF-3A3F82F76C95}"
EndProject
Project("{FAE04EC0-301F-11D3-BF4B-00C04F79EFBC}") = "Services.Tests", "Services.Tests\Services.Tests.csproj", "{00A4364D-A5DF-414B-BA52-8C3F3D0BDBB7}"
EndProject
Project("{FAE04EC0-301F-11D3-BF4B-00C04F79EFBC}") = "Model.Tests", "Model.Tests\Model.Tests.csproj", "{2E40ADFD-E1FF-436A-B4D8-8543D0F8DFC0}"
EndProject
Global
	GlobalSection(SolutionConfigurationPlatforms) = preSolution
		Debug|Any CPU = Debug|Any CPU
		Debug|x64 = Debug|x64
		Debug|x86 = Debug|x86
		Release|Any CPU = Release|Any CPU
		Release|x64 = Release|x64
		Release|x86 = Release|x86
	EndGlobalSection
	GlobalSection(ProjectConfigurationPlatforms) = postSolution
		{FBDFE4AF-8FF0-4685-9092-8862DC0EB3B2}.Debug|Any CPU.ActiveCfg = Debug|Any CPU
		{FBDFE4AF-8FF0-4685-9092-8862DC0EB3B2}.Debug|Any CPU.Build.0 = Debug|Any CPU
		{FBDFE4AF-8FF0-4685-9092-8862DC0EB3B2}.Debug|x64.ActiveCfg = Debug|Any CPU
		{FBDFE4AF-8FF0-4685-9092-8862DC0EB3B2}.Debug|x64.Build.0 = Debug|Any CPU
		{FBDFE4AF-8FF0-4685-9092-8862DC0EB3B2}.Debug|x86.ActiveCfg = Debug|Any CPU
		{FBDFE4AF-8FF0-4685-9092-8862DC0EB3B2}.Debug|x86.Build.0 = Debug|Any CPU
		{FBDFE4AF-8FF0-4685-9092-8862DC0EB3B2}.Release|Any CPU.ActiveCfg = Release|Any CPU
		{FBDFE4AF-8FF0-4685-9092-8862DC0EB3B2}.Release|Any CPU.Build.0 = Release|Any CPU
		{FBDFE4AF-8FF0-4685-9092-8862DC0EB3B2}.Release|x64.ActiveCfg = Release|Any CPU
		{FBDFE4AF-8FF0-4685-9092-8862DC0EB3B2}.Release|x64.Build.0 = Release|Any CPU
		{FBDFE4AF-8FF0-4685-9092-8862DC0EB3B2}.Release|x86.ActiveCfg = Release|Any CPU
		{FBDFE4AF-8FF0-4685-9092-8862DC0EB3B2}.Release|x86.Build.0 = Release|Any CPU
		{E5EE9E64-9B11-4494-BC30-AB7C6CF57D33}.Debug|Any CPU.ActiveCfg = Debug|Any CPU
		{E5EE9E64-9B11-4494-BC30-AB7C6CF57D33}.Debug|Any CPU.Build.0 = Debug|Any CPU
		{E5EE9E64-9B11-4494-BC30-AB7C6CF57D33}.Debug|x64.ActiveCfg = Debug|Any CPU
		{E5EE9E64-9B11-4494-BC30-AB7C6CF57D33}.Debug|x64.Build.0 = Debug|Any CPU
		{E5EE9E64-9B11-4494-BC30-AB7C6CF57D33}.Debug|x86.ActiveCfg = Debug|Any CPU
		{E5EE9E64-9B11-4494-BC30-AB7C6CF57D33}.Debug|x86.Build.0 = Debug|Any CPU
		{E5EE9E64-9B11-4494-BC30-AB7C6CF57D33}.Release|Any CPU.ActiveCfg = Release|Any CPU
		{E5EE9E64-9B11-4494-BC30-AB7C6CF57D33}.Release|Any CPU.Build.0 = Release|Any CPU
		{E5EE9E64-9B11-4494-BC30-AB7C6CF57D33}.Release|x64.ActiveCfg = Release|Any CPU
		{E5EE9E64-9B11-4494-BC30-AB7C6CF57D33}.Release|x64.Build.0 = Release|Any CPU
		{E5EE9E64-9B11-4494-BC30-AB7C6CF57D33}.Release|x86.ActiveCfg = Release|Any CPU
		{E5EE9E64-9B11-4494-BC30-AB7C6CF57D33}.Release|x86.Build.0 = Release|Any CPU
		{568A863A-276A-46EC-B37A-95FDD72905B8}.Debug|Any CPU.ActiveCfg = Debug|Any CPU
		{568A863A-276A-46EC-B37A-95FDD72905B8}.Debug|Any CPU.Build.0 = Debug|Any CPU
		{568A863A-276A-46EC-B37A-95FDD72905B8}.Debug|x64.ActiveCfg = Debug|Any CPU
		{568A863A-276A-46EC-B37A-95FDD72905B8}.Debug|x64.Build.0 = Debug|Any CPU
		{568A863A-276A-46EC-B37A-95FDD72905B8}.Debug|x86.ActiveCfg = Debug|Any CPU
		{568A863A-276A-46EC-B37A-95FDD72905B8}.Debug|x86.Build.0 = Debug|Any CPU
		{568A863A-276A-46EC-B37A-95FDD72905B8}.Release|Any CPU.ActiveCfg = Release|Any CPU
		{568A863A-276A-46EC-B37A-95FDD72905B8}.Release|Any CPU.Build.0 = Release|Any CPU
		{568A863A-276A-46EC-B37A-95FDD72905B8}.Release|x64.ActiveCfg = Release|Any CPU
		{568A863A-276A-46EC-B37A-95FDD72905B8}.Release|x64.Build.0 = Release|Any CPU
		{568A863A-276A-46EC-B37A-95FDD72905B8}.Release|x86.ActiveCfg = Release|Any CPU
		{568A863A-276A-46EC-B37A-95FDD72905B8}.Release|x86.Build.0 = Release|Any CPU
		{902E8323-8F92-4E18-8F10-DB03DB77803F}.Debug|Any CPU.ActiveCfg = Debug|Any CPU
		{902E8323-8F92-4E18-8F10-DB03DB77803F}.Debug|Any CPU.Build.0 = Debug|Any CPU
		{902E8323-8F92-4E18-8F10-DB03DB77803F}.Debug|x64.ActiveCfg = Debug|Any CPU
		{902E8323-8F92-4E18-8F10-DB03DB77803F}.Debug|x64.Build.0 = Debug|Any CPU
		{902E8323-8F92-4E18-8F10-DB03DB77803F}.Debug|x86.ActiveCfg = Debug|Any CPU
		{902E8323-8F92-4E18-8F10-DB03DB77803F}.Debug|x86.Build.0 = Debug|Any CPU
		{902E8323-8F92-4E18-8F10-DB03DB77803F}.Release|Any CPU.ActiveCfg = Release|Any CPU
		{902E8323-8F92-4E18-8F10-DB03DB77803F}.Release|Any CPU.Build.0 = Release|Any CPU
		{902E8323-8F92-4E18-8F10-DB03DB77803F}.Release|x64.ActiveCfg = Release|Any CPU
		{902E8323-8F92-4E18-8F10-DB03DB77803F}.Release|x64.Build.0 = Release|Any CPU
		{902E8323-8F92-4E18-8F10-DB03DB77803F}.Release|x86.ActiveCfg = Release|Any CPU
		{902E8323-8F92-4E18-8F10-DB03DB77803F}.Release|x86.Build.0 = Release|Any CPU
		{B3324CBC-4FED-482C-8B44-42FE044B2FE7}.Debug|Any CPU.ActiveCfg = Debug|Any CPU
		{B3324CBC-4FED-482C-8B44-42FE044B2FE7}.Debug|Any CPU.Build.0 = Debug|Any CPU
		{B3324CBC-4FED-482C-8B44-42FE044B2FE7}.Debug|x64.ActiveCfg = Debug|Any CPU
		{B3324CBC-4FED-482C-8B44-42FE044B2FE7}.Debug|x64.Build.0 = Debug|Any CPU
		{B3324CBC-4FED-482C-8B44-42FE044B2FE7}.Debug|x86.ActiveCfg = Debug|Any CPU
		{B3324CBC-4FED-482C-8B44-42FE044B2FE7}.Debug|x86.Build.0 = Debug|Any CPU
		{B3324CBC-4FED-482C-8B44-42FE044B2FE7}.Release|Any CPU.ActiveCfg = Release|Any CPU
		{B3324CBC-4FED-482C-8B44-42FE044B2FE7}.Release|Any CPU.Build.0 = Release|Any CPU
		{B3324CBC-4FED-482C-8B44-42FE044B2FE7}.Release|x64.ActiveCfg = Release|Any CPU
		{B3324CBC-4FED-482C-8B44-42FE044B2FE7}.Release|x64.Build.0 = Release|Any CPU
		{B3324CBC-4FED-482C-8B44-42FE044B2FE7}.Release|x86.ActiveCfg = Release|Any CPU
		{B3324CBC-4FED-482C-8B44-42FE044B2FE7}.Release|x86.Build.0 = Release|Any CPU
		{3E7F9832-64C4-410D-B078-CA3024A6AF54}.Debug|Any CPU.ActiveCfg = Debug|Any CPU
		{3E7F9832-64C4-410D-B078-CA3024A6AF54}.Debug|Any CPU.Build.0 = Debug|Any CPU
		{3E7F9832-64C4-410D-B078-CA3024A6AF54}.Debug|x64.ActiveCfg = Debug|Any CPU
		{3E7F9832-64C4-410D-B078-CA3024A6AF54}.Debug|x64.Build.0 = Debug|Any CPU
		{3E7F9832-64C4-410D-B078-CA3024A6AF54}.Debug|x86.ActiveCfg = Debug|Any CPU
		{3E7F9832-64C4-410D-B078-CA3024A6AF54}.Debug|x86.Build.0 = Debug|Any CPU
		{3E7F9832-64C4-410D-B078-CA3024A6AF54}.Release|Any CPU.ActiveCfg = Release|Any CPU
		{3E7F9832-64C4-410D-B078-CA3024A6AF54}.Release|Any CPU.Build.0 = Release|Any CPU
		{3E7F9832-64C4-410D-B078-CA3024A6AF54}.Release|x64.ActiveCfg = Release|Any CPU
		{3E7F9832-64C4-410D-B078-CA3024A6AF54}.Release|x64.Build.0 = Release|Any CPU
		{3E7F9832-64C4-410D-B078-CA3024A6AF54}.Release|x86.ActiveCfg = Release|Any CPU
		{3E7F9832-64C4-410D-B078-CA3024A6AF54}.Release|x86.Build.0 = Release|Any CPU
		{27D468E3-2AF1-42F2-BFEB-C18AAF5546F3}.Debug|Any CPU.ActiveCfg = Debug|Any CPU
		{27D468E3-2AF1-42F2-BFEB-C18AAF5546F3}.Debug|Any CPU.Build.0 = Debug|Any CPU
		{27D468E3-2AF1-42F2-BFEB-C18AAF5546F3}.Debug|x64.ActiveCfg = Debug|Any CPU
		{27D468E3-2AF1-42F2-BFEB-C18AAF5546F3}.Debug|x64.Build.0 = Debug|Any CPU
		{27D468E3-2AF1-42F2-BFEB-C18AAF5546F3}.Debug|x86.ActiveCfg = Debug|Any CPU
		{27D468E3-2AF1-42F2-BFEB-C18AAF5546F3}.Debug|x86.Build.0 = Debug|Any CPU
		{27D468E3-2AF1-42F2-BFEB-C18AAF5546F3}.Release|Any CPU.ActiveCfg = Release|Any CPU
		{27D468E3-2AF1-42F2-BFEB-C18AAF5546F3}.Release|Any CPU.Build.0 = Release|Any CPU
		{27D468E3-2AF1-42F2-BFEB-C18AAF5546F3}.Release|x64.ActiveCfg = Release|Any CPU
		{27D468E3-2AF1-42F2-BFEB-C18AAF5546F3}.Release|x64.Build.0 = Release|Any CPU
		{27D468E3-2AF1-42F2-BFEB-C18AAF5546F3}.Release|x86.ActiveCfg = Release|Any CPU
		{27D468E3-2AF1-42F2-BFEB-C18AAF5546F3}.Release|x86.Build.0 = Release|Any CPU
		{1E6AD31A-96CF-4F58-B320-7B0D12E1D447}.Debug|Any CPU.ActiveCfg = Debug|Any CPU
		{1E6AD31A-96CF-4F58-B320-7B0D12E1D447}.Debug|Any CPU.Build.0 = Debug|Any CPU
		{1E6AD31A-96CF-4F58-B320-7B0D12E1D447}.Debug|x64.ActiveCfg = Debug|Any CPU
		{1E6AD31A-96CF-4F58-B320-7B0D12E1D447}.Debug|x64.Build.0 = Debug|Any CPU
		{1E6AD31A-96CF-4F58-B320-7B0D12E1D447}.Debug|x86.ActiveCfg = Debug|Any CPU
		{1E6AD31A-96CF-4F58-B320-7B0D12E1D447}.Debug|x86.Build.0 = Debug|Any CPU
		{1E6AD31A-96CF-4F58-B320-7B0D12E1D447}.Release|Any CPU.ActiveCfg = Release|Any CPU
		{1E6AD31A-96CF-4F58-B320-7B0D12E1D447}.Release|Any CPU.Build.0 = Release|Any CPU
		{1E6AD31A-96CF-4F58-B320-7B0D12E1D447}.Release|x64.ActiveCfg = Release|Any CPU
		{1E6AD31A-96CF-4F58-B320-7B0D12E1D447}.Release|x64.Build.0 = Release|Any CPU
		{1E6AD31A-96CF-4F58-B320-7B0D12E1D447}.Release|x86.ActiveCfg = Release|Any CPU
		{1E6AD31A-96CF-4F58-B320-7B0D12E1D447}.Release|x86.Build.0 = Release|Any CPU
		{FD4898F2-B895-49D0-BE2E-30D82BDCDD52}.Debug|Any CPU.ActiveCfg = Debug|Any CPU
		{FD4898F2-B895-49D0-BE2E-30D82BDCDD52}.Debug|Any CPU.Build.0 = Debug|Any CPU
		{FD4898F2-B895-49D0-BE2E-30D82BDCDD52}.Debug|x64.ActiveCfg = Debug|Any CPU
		{FD4898F2-B895-49D0-BE2E-30D82BDCDD52}.Debug|x64.Build.0 = Debug|Any CPU
		{FD4898F2-B895-49D0-BE2E-30D82BDCDD52}.Debug|x86.ActiveCfg = Debug|Any CPU
		{FD4898F2-B895-49D0-BE2E-30D82BDCDD52}.Debug|x86.Build.0 = Debug|Any CPU
		{FD4898F2-B895-49D0-BE2E-30D82BDCDD52}.Release|Any CPU.ActiveCfg = Release|Any CPU
		{FD4898F2-B895-49D0-BE2E-30D82BDCDD52}.Release|Any CPU.Build.0 = Release|Any CPU
		{FD4898F2-B895-49D0-BE2E-30D82BDCDD52}.Release|x64.ActiveCfg = Release|Any CPU
		{FD4898F2-B895-49D0-BE2E-30D82BDCDD52}.Release|x64.Build.0 = Release|Any CPU
		{FD4898F2-B895-49D0-BE2E-30D82BDCDD52}.Release|x86.ActiveCfg = Release|Any CPU
		{FD4898F2-B895-49D0-BE2E-30D82BDCDD52}.Release|x86.Build.0 = Release|Any CPU
		{EC13C7B6-604C-405D-AE26-AE9DAB0E594E}.Debug|Any CPU.ActiveCfg = Debug|Any CPU
		{EC13C7B6-604C-405D-AE26-AE9DAB0E594E}.Debug|Any CPU.Build.0 = Debug|Any CPU
		{EC13C7B6-604C-405D-AE26-AE9DAB0E594E}.Debug|x64.ActiveCfg = Debug|Any CPU
		{EC13C7B6-604C-405D-AE26-AE9DAB0E594E}.Debug|x64.Build.0 = Debug|Any CPU
		{EC13C7B6-604C-405D-AE26-AE9DAB0E594E}.Debug|x86.ActiveCfg = Debug|Any CPU
		{EC13C7B6-604C-405D-AE26-AE9DAB0E594E}.Debug|x86.Build.0 = Debug|Any CPU
		{EC13C7B6-604C-405D-AE26-AE9DAB0E594E}.Release|Any CPU.ActiveCfg = Release|Any CPU
		{EC13C7B6-604C-405D-AE26-AE9DAB0E594E}.Release|Any CPU.Build.0 = Release|Any CPU
		{EC13C7B6-604C-405D-AE26-AE9DAB0E594E}.Release|x64.ActiveCfg = Release|Any CPU
		{EC13C7B6-604C-405D-AE26-AE9DAB0E594E}.Release|x64.Build.0 = Release|Any CPU
		{EC13C7B6-604C-405D-AE26-AE9DAB0E594E}.Release|x86.ActiveCfg = Release|Any CPU
		{EC13C7B6-604C-405D-AE26-AE9DAB0E594E}.Release|x86.Build.0 = Release|Any CPU
		{1544CFF8-2E79-4F90-80AF-3A3F82F76C95}.Debug|Any CPU.ActiveCfg = Debug|Any CPU
		{1544CFF8-2E79-4F90-80AF-3A3F82F76C95}.Debug|Any CPU.Build.0 = Debug|Any CPU
		{1544CFF8-2E79-4F90-80AF-3A3F82F76C95}.Debug|x64.ActiveCfg = Debug|Any CPU
		{1544CFF8-2E79-4F90-80AF-3A3F82F76C95}.Debug|x64.Build.0 = Debug|Any CPU
		{1544CFF8-2E79-4F90-80AF-3A3F82F76C95}.Debug|x86.ActiveCfg = Debug|Any CPU
		{1544CFF8-2E79-4F90-80AF-3A3F82F76C95}.Debug|x86.Build.0 = Debug|Any CPU
		{1544CFF8-2E79-4F90-80AF-3A3F82F76C95}.Release|Any CPU.ActiveCfg = Release|Any CPU
		{1544CFF8-2E79-4F90-80AF-3A3F82F76C95}.Release|Any CPU.Build.0 = Release|Any CPU
		{1544CFF8-2E79-4F90-80AF-3A3F82F76C95}.Release|x64.ActiveCfg = Release|Any CPU
		{1544CFF8-2E79-4F90-80AF-3A3F82F76C95}.Release|x64.Build.0 = Release|Any CPU
		{1544CFF8-2E79-4F90-80AF-3A3F82F76C95}.Release|x86.ActiveCfg = Release|Any CPU
		{1544CFF8-2E79-4F90-80AF-3A3F82F76C95}.Release|x86.Build.0 = Release|Any CPU
		{00A4364D-A5DF-414B-BA52-8C3F3D0BDBB7}.Debug|Any CPU.ActiveCfg = Debug|Any CPU
		{00A4364D-A5DF-414B-BA52-8C3F3D0BDBB7}.Debug|Any CPU.Build.0 = Debug|Any CPU
		{00A4364D-A5DF-414B-BA52-8C3F3D0BDBB7}.Debug|x64.ActiveCfg = Debug|Any CPU
		{00A4364D-A5DF-414B-BA52-8C3F3D0BDBB7}.Debug|x64.Build.0 = Debug|Any CPU
		{00A4364D-A5DF-414B-BA52-8C3F3D0BDBB7}.Debug|x86.ActiveCfg = Debug|Any CPU
		{00A4364D-A5DF-414B-BA52-8C3F3D0BDBB7}.Debug|x86.Build.0 = Debug|Any CPU
		{00A4364D-A5DF-414B-BA52-8C3F3D0BDBB7}.Release|Any CPU.ActiveCfg = Release|Any CPU
		{00A4364D-A5DF-414B-BA52-8C3F3D0BDBB7}.Release|Any CPU.Build.0 = Release|Any CPU
		{00A4364D-A5DF-414B-BA52-8C3F3D0BDBB7}.Release|x64.ActiveCfg = Release|Any CPU
		{00A4364D-A5DF-414B-BA52-8C3F3D0BDBB7}.Release|x64.Build.0 = Release|Any CPU
		{00A4364D-A5DF-414B-BA52-8C3F3D0BDBB7}.Release|x86.ActiveCfg = Release|Any CPU
		{00A4364D-A5DF-414B-BA52-8C3F3D0BDBB7}.Release|x86.Build.0 = Release|Any CPU
		{2E40ADFD-E1FF-436A-B4D8-8543D0F8DFC0}.Debug|Any CPU.ActiveCfg = Debug|Any CPU
		{2E40ADFD-E1FF-436A-B4D8-8543D0F8DFC0}.Debug|Any CPU.Build.0 = Debug|Any CPU
		{2E40ADFD-E1FF-436A-B4D8-8543D0F8DFC0}.Debug|x64.ActiveCfg = Debug|Any CPU
		{2E40ADFD-E1FF-436A-B4D8-8543D0F8DFC0}.Debug|x64.Build.0 = Debug|Any CPU
		{2E40ADFD-E1FF-436A-B4D8-8543D0F8DFC0}.Debug|x86.ActiveCfg = Debug|Any CPU
		{2E40ADFD-E1FF-436A-B4D8-8543D0F8DFC0}.Debug|x86.Build.0 = Debug|Any CPU
		{2E40ADFD-E1FF-436A-B4D8-8543D0F8DFC0}.Release|Any CPU.ActiveCfg = Release|Any CPU
		{2E40ADFD-E1FF-436A-B4D8-8543D0F8DFC0}.Release|Any CPU.Build.0 = Release|Any CPU
		{2E40ADFD-E1FF-436A-B4D8-8543D0F8DFC0}.Release|x64.ActiveCfg = Release|Any CPU
		{2E40ADFD-E1FF-436A-B4D8-8543D0F8DFC0}.Release|x64.Build.0 = Release|Any CPU
		{2E40ADFD-E1FF-436A-B4D8-8543D0F8DFC0}.Release|x86.ActiveCfg = Release|Any CPU
		{2E40ADFD-E1FF-436A-B4D8-8543D0F8DFC0}.Release|x86.Build.0 = Release|Any CPU
	EndGlobalSection
	GlobalSection(SolutionProperties) = preSolution
		HideSolutionNode = FALSE
	EndGlobalSection
	GlobalSection(ExtensibilityGlobals) = postSolution
		SolutionGuid = {5B7B957E-C1F5-45B5-B2FB-39AE72492A70}
	EndGlobalSection
EndGlobal
